
Microsoft Visual Studio Solution File, Format Version 12.00
# Visual Studio 15
VisualStudioVersion = 15.0.27428.2005
MinimumVisualStudioVersion = 10.0.40219.1
Project("{FAE04EC0-301F-11D3-BF4B-00C04F79EFBC}") = "olympiarenkaat", "olympiarenkaat\olympiarenkaat.csproj", "{81FE6B99-E0B2-47B1-9A36-2147A6BE7F5C}"
EndProject
Global
	GlobalSection(SolutionConfigurationPlatforms) = preSolution
		Debug|Any CPU = Debug|Any CPU
		Release|Any CPU = Release|Any CPU
	EndGlobalSection
	GlobalSection(ProjectConfigurationPlatforms) = postSolution
		{81FE6B99-E0B2-47B1-9A36-2147A6BE7F5C}.Debug|Any CPU.ActiveCfg = Debug|Any CPU
		{81FE6B99-E0B2-47B1-9A36-2147A6BE7F5C}.Debug|Any CPU.Build.0 = Debug|Any CPU
		{81FE6B99-E0B2-47B1-9A36-2147A6BE7F5C}.Release|Any CPU.ActiveCfg = Release|Any CPU
		{81FE6B99-E0B2-47B1-9A36-2147A6BE7F5C}.Release|Any CPU.Build.0 = Release|Any CPU
	EndGlobalSection
	GlobalSection(SolutionProperties) = preSolution
		HideSolutionNode = FALSE
	EndGlobalSection
	GlobalSection(ExtensibilityGlobals) = postSolution
		SolutionGuid = {8C4EC366-AADF-47DB-B815-DC2F72F2EB22}
	EndGlobalSection
EndGlobal
